
Microsoft Visual Studio Solution File, Format Version 12.00
# Visual Studio 15
Project("{FAE04EC0-301F-11D3-BF4B-00C04F79EFBC}") = "PhotonVoice", "PhotonVoice.csproj", "{5A907745-235A-EA22-1CB5-9E2049A063B2}"
EndProject
Project("{FAE04EC0-301F-11D3-BF4B-00C04F79EFBC}") = "PhotonChat", "PhotonChat.csproj", "{F3B02E66-163F-30B0-B243-2077B00E11CA}"
EndProject
Project("{FAE04EC0-301F-11D3-BF4B-00C04F79EFBC}") = "PhotonUnityNetworking.Demos", "PhotonUnityNetworking.Demos.csproj", "{CCC387CD-7115-A8D0-35DD-8C6ED3D72622}"
EndProject
Project("{FAE04EC0-301F-11D3-BF4B-00C04F79EFBC}") = "PhotonVoice.API", "PhotonVoice.API.csproj", "{3A428272-5852-39A2-3E13-404C697FA50C}"
EndProject
Project("{FAE04EC0-301F-11D3-BF4B-00C04F79EFBC}") = "Assembly-CSharp", "Assembly-CSharp.csproj", "{1EE98971-DB57-CCE3-EB35-7D60258BAC4D}"
EndProject
Project("{FAE04EC0-301F-11D3-BF4B-00C04F79EFBC}") = "PhotonRealtime", "PhotonRealtime.csproj", "{6E30BC22-76DF-E914-2F3E-928C71C7EFD5}"
EndProject
Project("{FAE04EC0-301F-11D3-BF4B-00C04F79EFBC}") = "MicAmplifierEditor.Editor", "MicAmplifierEditor.Editor.csproj", "{A6949478-7DF2-0714-B530-CAD5301E4C08}"
EndProject
Project("{FAE04EC0-301F-11D3-BF4B-00C04F79EFBC}") = "PhotonUnityNetworking.Editor", "PhotonUnityNetworking.Editor.csproj", "{4E7371AE-1221-B03F-7879-F52CA50E490A}"
EndProject
Project("{FAE04EC0-301F-11D3-BF4B-00C04F79EFBC}") = "PhotonUnityNetworking", "PhotonUnityNetworking.csproj", "{84AD20BF-FFF2-8CAD-0BF2-BFC5B795E21D}"
EndProject
Project("{FAE04EC0-301F-11D3-BF4B-00C04F79EFBC}") = "Voice.FMOD.Editor", "Voice.FMOD.Editor.csproj", "{4B42653F-AFEC-9C0C-A119-5DF2B0874F6A}"
EndProject
Project("{FAE04EC0-301F-11D3-BF4B-00C04F79EFBC}") = "PhotonUnityNetworking.Utilities.PhotonPlayer.Editor", "PhotonUnityNetworking.Utilities.PhotonPlayer.Editor.csproj", "{C122F87D-938E-E370-D33B-FF9904A049BD}"
EndProject
Project("{FAE04EC0-301F-11D3-BF4B-00C04F79EFBC}") = "PhotonVoice.PUN.Editor", "PhotonVoice.PUN.Editor.csproj", "{00ACFB9F-BE8A-FAEF-6E88-819151A6AA76}"
EndProject
Project("{FAE04EC0-301F-11D3-BF4B-00C04F79EFBC}") = "PhotonVoice.Editor", "PhotonVoice.Editor.csproj", "{FE8436E1-5856-190F-CAA8-EAFC9A1EF6FE}"
EndProject
Project("{FAE04EC0-301F-11D3-BF4B-00C04F79EFBC}") = "PhotonUnityNetworking.Utilities", "PhotonUnityNetworking.Utilities.csproj", "{53CB5745-6BD7-4D29-EC4F-955E50E38FB2}"
EndProject
Project("{FAE04EC0-301F-11D3-BF4B-00C04F79EFBC}") = "PhotonVoice.Utilities.Editor", "PhotonVoice.Utilities.Editor.csproj", "{4345C5A8-E1BC-F51D-6031-FC1E89B6A839}"
EndProject
Project("{FAE04EC0-301F-11D3-BF4B-00C04F79EFBC}") = "PunDemos.DemoSlotcarEditor", "PunDemos.DemoSlotcarEditor.csproj", "{0A00979B-7422-5772-888C-3F30560CF3C2}"
EndProject
Project("{FAE04EC0-301F-11D3-BF4B-00C04F79EFBC}") = "Assembly-CSharp-Editor", "Assembly-CSharp-Editor.csproj", "{23F9D405-3BDD-4419-485B-398E3C85F40C}"
EndProject
Project("{FAE04EC0-301F-11D3-BF4B-00C04F79EFBC}") = "PhotonVoice.PUN", "PhotonVoice.PUN.csproj", "{68810469-C3A8-940B-C900-1C641CC3A7E1}"
EndProject
Project("{FAE04EC0-301F-11D3-BF4B-00C04F79EFBC}") = "PhotonUnityNetworking.Utilities.Culling.Editor", "PhotonUnityNetworking.Utilities.Culling.Editor.csproj", "{5656AA0E-35B5-D589-981C-A109103A8DCC}"
EndProject
Project("{FAE04EC0-301F-11D3-BF4B-00C04F79EFBC}") = "PunDemos.DemoHubEditor", "PunDemos.DemoHubEditor.csproj", "{7B0605E4-DD96-600F-7308-BE6F8930F1F5}"
EndProject
Global
	GlobalSection(SolutionConfigurationPlatforms) = preSolution
		Debug|Any CPU = Debug|Any CPU
		Release|Any CPU = Release|Any CPU
	EndGlobalSection
	GlobalSection(ProjectConfigurationPlatforms) = postSolution
		{5A907745-235A-EA22-1CB5-9E2049A063B2}.Debug|Any CPU.ActiveCfg = Debug|Any CPU
		{5A907745-235A-EA22-1CB5-9E2049A063B2}.Debug|Any CPU.Build.0 = Debug|Any CPU
		{5A907745-235A-EA22-1CB5-9E2049A063B2}.Release|Any CPU.ActiveCfg = Release|Any CPU
		{5A907745-235A-EA22-1CB5-9E2049A063B2}.Release|Any CPU.Build.0 = Release|Any CPU
		{F3B02E66-163F-30B0-B243-2077B00E11CA}.Debug|Any CPU.ActiveCfg = Debug|Any CPU
		{F3B02E66-163F-30B0-B243-2077B00E11CA}.Debug|Any CPU.Build.0 = Debug|Any CPU
		{F3B02E66-163F-30B0-B243-2077B00E11CA}.Release|Any CPU.ActiveCfg = Release|Any CPU
		{F3B02E66-163F-30B0-B243-2077B00E11CA}.Release|Any CPU.Build.0 = Release|Any CPU
		{CCC387CD-7115-A8D0-35DD-8C6ED3D72622}.Debug|Any CPU.ActiveCfg = Debug|Any CPU
		{CCC387CD-7115-A8D0-35DD-8C6ED3D72622}.Debug|Any CPU.Build.0 = Debug|Any CPU
		{CCC387CD-7115-A8D0-35DD-8C6ED3D72622}.Release|Any CPU.ActiveCfg = Release|Any CPU
		{CCC387CD-7115-A8D0-35DD-8C6ED3D72622}.Release|Any CPU.Build.0 = Release|Any CPU
		{3A428272-5852-39A2-3E13-404C697FA50C}.Debug|Any CPU.ActiveCfg = Debug|Any CPU
		{3A428272-5852-39A2-3E13-404C697FA50C}.Debug|Any CPU.Build.0 = Debug|Any CPU
		{3A428272-5852-39A2-3E13-404C697FA50C}.Release|Any CPU.ActiveCfg = Release|Any CPU
		{3A428272-5852-39A2-3E13-404C697FA50C}.Release|Any CPU.Build.0 = Release|Any CPU
		{1EE98971-DB57-CCE3-EB35-7D60258BAC4D}.Debug|Any CPU.ActiveCfg = Debug|Any CPU
		{1EE98971-DB57-CCE3-EB35-7D60258BAC4D}.Debug|Any CPU.Build.0 = Debug|Any CPU
		{1EE98971-DB57-CCE3-EB35-7D60258BAC4D}.Release|Any CPU.ActiveCfg = Release|Any CPU
		{1EE98971-DB57-CCE3-EB35-7D60258BAC4D}.Release|Any CPU.Build.0 = Release|Any CPU
		{6E30BC22-76DF-E914-2F3E-928C71C7EFD5}.Debug|Any CPU.ActiveCfg = Debug|Any CPU
		{6E30BC22-76DF-E914-2F3E-928C71C7EFD5}.Debug|Any CPU.Build.0 = Debug|Any CPU
		{6E30BC22-76DF-E914-2F3E-928C71C7EFD5}.Release|Any CPU.ActiveCfg = Release|Any CPU
		{6E30BC22-76DF-E914-2F3E-928C71C7EFD5}.Release|Any CPU.Build.0 = Release|Any CPU
		{A6949478-7DF2-0714-B530-CAD5301E4C08}.Debug|Any CPU.ActiveCfg = Debug|Any CPU
		{A6949478-7DF2-0714-B530-CAD5301E4C08}.Debug|Any CPU.Build.0 = Debug|Any CPU
		{A6949478-7DF2-0714-B530-CAD5301E4C08}.Release|Any CPU.ActiveCfg = Release|Any CPU
		{A6949478-7DF2-0714-B530-CAD5301E4C08}.Release|Any CPU.Build.0 = Release|Any CPU
		{4E7371AE-1221-B03F-7879-F52CA50E490A}.Debug|Any CPU.ActiveCfg = Debug|Any CPU
		{4E7371AE-1221-B03F-7879-F52CA50E490A}.Debug|Any CPU.Build.0 = Debug|Any CPU
		{4E7371AE-1221-B03F-7879-F52CA50E490A}.Release|Any CPU.ActiveCfg = Release|Any CPU
		{4E7371AE-1221-B03F-7879-F52CA50E490A}.Release|Any CPU.Build.0 = Release|Any CPU
		{84AD20BF-FFF2-8CAD-0BF2-BFC5B795E21D}.Debug|Any CPU.ActiveCfg = Debug|Any CPU
		{84AD20BF-FFF2-8CAD-0BF2-BFC5B795E21D}.Debug|Any CPU.Build.0 = Debug|Any CPU
		{84AD20BF-FFF2-8CAD-0BF2-BFC5B795E21D}.Release|Any CPU.ActiveCfg = Release|Any CPU
		{84AD20BF-FFF2-8CAD-0BF2-BFC5B795E21D}.Release|Any CPU.Build.0 = Release|Any CPU
		{4B42653F-AFEC-9C0C-A119-5DF2B0874F6A}.Debug|Any CPU.ActiveCfg = Debug|Any CPU
		{4B42653F-AFEC-9C0C-A119-5DF2B0874F6A}.Debug|Any CPU.Build.0 = Debug|Any CPU
		{4B42653F-AFEC-9C0C-A119-5DF2B0874F6A}.Release|Any CPU.ActiveCfg = Release|Any CPU
		{4B42653F-AFEC-9C0C-A119-5DF2B0874F6A}.Release|Any CPU.Build.0 = Release|Any CPU
		{C122F87D-938E-E370-D33B-FF9904A049BD}.Debug|Any CPU.ActiveCfg = Debug|Any CPU
		{C122F87D-938E-E370-D33B-FF9904A049BD}.Debug|Any CPU.Build.0 = Debug|Any CPU
		{C122F87D-938E-E370-D33B-FF9904A049BD}.Release|Any CPU.ActiveCfg = Release|Any CPU
		{C122F87D-938E-E370-D33B-FF9904A049BD}.Release|Any CPU.Build.0 = Release|Any CPU
		{00ACFB9F-BE8A-FAEF-6E88-819151A6AA76}.Debug|Any CPU.ActiveCfg = Debug|Any CPU
		{00ACFB9F-BE8A-FAEF-6E88-819151A6AA76}.Debug|Any CPU.Build.0 = Debug|Any CPU
		{00ACFB9F-BE8A-FAEF-6E88-819151A6AA76}.Release|Any CPU.ActiveCfg = Release|Any CPU
		{00ACFB9F-BE8A-FAEF-6E88-819151A6AA76}.Release|Any CPU.Build.0 = Release|Any CPU
		{FE8436E1-5856-190F-CAA8-EAFC9A1EF6FE}.Debug|Any CPU.ActiveCfg = Debug|Any CPU
		{FE8436E1-5856-190F-CAA8-EAFC9A1EF6FE}.Debug|Any CPU.Build.0 = Debug|Any CPU
		{FE8436E1-5856-190F-CAA8-EAFC9A1EF6FE}.Release|Any CPU.ActiveCfg = Release|Any CPU
		{FE8436E1-5856-190F-CAA8-EAFC9A1EF6FE}.Release|Any CPU.Build.0 = Release|Any CPU
		{53CB5745-6BD7-4D29-EC4F-955E50E38FB2}.Debug|Any CPU.ActiveCfg = Debug|Any CPU
		{53CB5745-6BD7-4D29-EC4F-955E50E38FB2}.Debug|Any CPU.Build.0 = Debug|Any CPU
		{53CB5745-6BD7-4D29-EC4F-955E50E38FB2}.Release|Any CPU.ActiveCfg = Release|Any CPU
		{53CB5745-6BD7-4D29-EC4F-955E50E38FB2}.Release|Any CPU.Build.0 = Release|Any CPU
		{4345C5A8-E1BC-F51D-6031-FC1E89B6A839}.Debug|Any CPU.ActiveCfg = Debug|Any CPU
		{4345C5A8-E1BC-F51D-6031-FC1E89B6A839}.Debug|Any CPU.Build.0 = Debug|Any CPU
		{4345C5A8-E1BC-F51D-6031-FC1E89B6A839}.Release|Any CPU.ActiveCfg = Release|Any CPU
		{4345C5A8-E1BC-F51D-6031-FC1E89B6A839}.Release|Any CPU.Build.0 = Release|Any CPU
		{0A00979B-7422-5772-888C-3F30560CF3C2}.Debug|Any CPU.ActiveCfg = Debug|Any CPU
		{0A00979B-7422-5772-888C-3F30560CF3C2}.Debug|Any CPU.Build.0 = Debug|Any CPU
		{0A00979B-7422-5772-888C-3F30560CF3C2}.Release|Any CPU.ActiveCfg = Release|Any CPU
		{0A00979B-7422-5772-888C-3F30560CF3C2}.Release|Any CPU.Build.0 = Release|Any CPU
		{23F9D405-3BDD-4419-485B-398E3C85F40C}.Debug|Any CPU.ActiveCfg = Debug|Any CPU
		{23F9D405-3BDD-4419-485B-398E3C85F40C}.Debug|Any CPU.Build.0 = Debug|Any CPU
		{23F9D405-3BDD-4419-485B-398E3C85F40C}.Release|Any CPU.ActiveCfg = Release|Any CPU
		{23F9D405-3BDD-4419-485B-398E3C85F40C}.Release|Any CPU.Build.0 = Release|Any CPU
		{68810469-C3A8-940B-C900-1C641CC3A7E1}.Debug|Any CPU.ActiveCfg = Debug|Any CPU
		{68810469-C3A8-940B-C900-1C641CC3A7E1}.Debug|Any CPU.Build.0 = Debug|Any CPU
		{68810469-C3A8-940B-C900-1C641CC3A7E1}.Release|Any CPU.ActiveCfg = Release|Any CPU
		{68810469-C3A8-940B-C900-1C641CC3A7E1}.Release|Any CPU.Build.0 = Release|Any CPU
		{5656AA0E-35B5-D589-981C-A109103A8DCC}.Debug|Any CPU.ActiveCfg = Debug|Any CPU
		{5656AA0E-35B5-D589-981C-A109103A8DCC}.Debug|Any CPU.Build.0 = Debug|Any CPU
		{5656AA0E-35B5-D589-981C-A109103A8DCC}.Release|Any CPU.ActiveCfg = Release|Any CPU
		{5656AA0E-35B5-D589-981C-A109103A8DCC}.Release|Any CPU.Build.0 = Release|Any CPU
		{7B0605E4-DD96-600F-7308-BE6F8930F1F5}.Debug|Any CPU.ActiveCfg = Debug|Any CPU
		{7B0605E4-DD96-600F-7308-BE6F8930F1F5}.Debug|Any CPU.Build.0 = Debug|Any CPU
		{7B0605E4-DD96-600F-7308-BE6F8930F1F5}.Release|Any CPU.ActiveCfg = Release|Any CPU
		{7B0605E4-DD96-600F-7308-BE6F8930F1F5}.Release|Any CPU.Build.0 = Release|Any CPU
	EndGlobalSection
	GlobalSection(SolutionProperties) = preSolution
		HideSolutionNode = FALSE
	EndGlobalSection
EndGlobal
